// !$*UTF8*$!
{
	archiveVersion = 1;
	classes = {
	};
	objectVersion = 55;
	objects = {

/* Begin PBXBuildFile section */
		56F0DA850B1E012178737CE5 /* Pods_IN_SOPT_KakaoTalk.framework in Frameworks */ = {isa = PBXBuildFile; fileRef = 33B8DCEF672096ED9F97D51E /* Pods_IN_SOPT_KakaoTalk.framework */; };
		8721A78A2905438700B8348D /* BaseNavigationController.swift in Sources */ = {isa = PBXBuildFile; fileRef = 8721A7892905438700B8348D /* BaseNavigationController.swift */; };
		8721A78D2905486400B8348D /* Profile.swift in Sources */ = {isa = PBXBuildFile; fileRef = 8721A78C2905486400B8348D /* Profile.swift */; };
		8721A7912905491C00B8348D /* StateMusic.swift in Sources */ = {isa = PBXBuildFile; fileRef = 8721A7902905491C00B8348D /* StateMusic.swift */; };
		8721A79429054B0500B8348D /* Image.swift in Sources */ = {isa = PBXBuildFile; fileRef = 8721A79329054B0500B8348D /* Image.swift */; };
		8721A79629054EC300B8348D /* Friend.swift in Sources */ = {isa = PBXBuildFile; fileRef = 8721A79529054EC300B8348D /* Friend.swift */; };
		8721A798290556C200B8348D /* FriendTableViewCell.swift in Sources */ = {isa = PBXBuildFile; fileRef = 8721A797290556C200B8348D /* FriendTableViewCell.swift */; };
		8721A79A2905A3D000B8348D /* FriendHeaderView.swift in Sources */ = {isa = PBXBuildFile; fileRef = 8721A7992905A3D000B8348D /* FriendHeaderView.swift */; };
		8721A79C2905B25900B8348D /* FriendViewController +TableView.swift in Sources */ = {isa = PBXBuildFile; fileRef = 8721A79B2905B25900B8348D /* FriendViewController +TableView.swift */; };
		873586F928EEB9E40036624B /* SignUpViewController.swift in Sources */ = {isa = PBXBuildFile; fileRef = 873586F828EEB9E40036624B /* SignUpViewController.swift */; };
		873586FB28EEB9EF0036624B /* WelcomeViewController.swift in Sources */ = {isa = PBXBuildFile; fileRef = 873586FA28EEB9EF0036624B /* WelcomeViewController.swift */; };
		875A662A28EEAE0A00368248 /* AppDelegate.swift in Sources */ = {isa = PBXBuildFile; fileRef = 875A662928EEAE0A00368248 /* AppDelegate.swift */; };
		875A662C28EEAE0A00368248 /* SceneDelegate.swift in Sources */ = {isa = PBXBuildFile; fileRef = 875A662B28EEAE0A00368248 /* SceneDelegate.swift */; };
		875A662E28EEAE0A00368248 /* SignInViewController.swift in Sources */ = {isa = PBXBuildFile; fileRef = 875A662D28EEAE0A00368248 /* SignInViewController.swift */; };
		875A663128EEAE0A00368248 /* Main.storyboard in Resources */ = {isa = PBXBuildFile; fileRef = 875A662F28EEAE0A00368248 /* Main.storyboard */; };
		875A663328EEAE0B00368248 /* Assets.xcassets in Resources */ = {isa = PBXBuildFile; fileRef = 875A663228EEAE0B00368248 /* Assets.xcassets */; };
		875A663628EEAE0B00368248 /* LaunchScreen.storyboard in Resources */ = {isa = PBXBuildFile; fileRef = 875A663428EEAE0B00368248 /* LaunchScreen.storyboard */; };
		876BD97F28EF2520000CCBC8 /* UIView+.swift in Sources */ = {isa = PBXBuildFile; fileRef = 876BD97E28EF2520000CCBC8 /* UIView+.swift */; };
		876BD98128EF2A68000CCBC8 /* UIStackView+.swift in Sources */ = {isa = PBXBuildFile; fileRef = 876BD98028EF2A68000CCBC8 /* UIStackView+.swift */; };
		876BD98328EF2ABE000CCBC8 /* UIColor+.swift in Sources */ = {isa = PBXBuildFile; fileRef = 876BD98228EF2ABE000CCBC8 /* UIColor+.swift */; };
		876BD98B28EF4708000CCBC8 /* BaseViewController.swift in Sources */ = {isa = PBXBuildFile; fileRef = 876BD98A28EF4708000CCBC8 /* BaseViewController.swift */; };
		876BD98E28EF510D000CCBC8 /* AuthTextField.swift in Sources */ = {isa = PBXBuildFile; fileRef = 876BD98D28EF510D000CCBC8 /* AuthTextField.swift */; };
		876BD99128EF61DB000CCBC8 /* KakaoColor.swift in Sources */ = {isa = PBXBuildFile; fileRef = 876BD99028EF61DB000CCBC8 /* KakaoColor.swift */; };
		8775FA3829072543000E08D5 /* ChatModel.swift in Sources */ = {isa = PBXBuildFile; fileRef = 8775FA3729072543000E08D5 /* ChatModel.swift */; };
		8775FA3B29072665000E08D5 /* Sample.swift in Sources */ = {isa = PBXBuildFile; fileRef = 8775FA3A29072665000E08D5 /* Sample.swift */; };
		8775FA3D2907268C000E08D5 /* Sample_Chat.swift in Sources */ = {isa = PBXBuildFile; fileRef = 8775FA3C2907268C000E08D5 /* Sample_Chat.swift */; };
		8775FA3F29072B99000E08D5 /* Device.swift in Sources */ = {isa = PBXBuildFile; fileRef = 8775FA3E29072B99000E08D5 /* Device.swift */; };
		87822FBB290715050067580A /* UITableViewCell+.swift in Sources */ = {isa = PBXBuildFile; fileRef = 87822FBA290715050067580A /* UITableViewCell+.swift */; };
		87822FBD2907150C0067580A /* UICollectionViewCell+.swift in Sources */ = {isa = PBXBuildFile; fileRef = 87822FBC2907150C0067580A /* UICollectionViewCell+.swift */; };
		87822FBF2907167A0067580A /* ChatViewController+CollectionView.swift in Sources */ = {isa = PBXBuildFile; fileRef = 87822FBE2907167A0067580A /* ChatViewController+CollectionView.swift */; };
		87822FC1290717410067580A /* ChatCollectionViewCell.swift in Sources */ = {isa = PBXBuildFile; fileRef = 87822FC0290717410067580A /* ChatCollectionViewCell.swift */; };
		87822FC5290720FA0067580A /* ChatStackView.swift in Sources */ = {isa = PBXBuildFile; fileRef = 87822FC4290720FA0067580A /* ChatStackView.swift */; };
		87C88AB228F53F09004D9276 /* FriendViewController.swift in Sources */ = {isa = PBXBuildFile; fileRef = 87C88AB128F53F09004D9276 /* FriendViewController.swift */; };
		87C88AB428F53FA2004D9276 /* MainTabBarController.swift in Sources */ = {isa = PBXBuildFile; fileRef = 87C88AB328F53FA2004D9276 /* MainTabBarController.swift */; };
		87C88AB928F5EACD004D9276 /* ChatViewController.swift in Sources */ = {isa = PBXBuildFile; fileRef = 87C88AB828F5EACD004D9276 /* ChatViewController.swift */; };
		87C88ABB28F5EADE004D9276 /* ViewMainViewController.swift in Sources */ = {isa = PBXBuildFile; fileRef = 87C88ABA28F5EADE004D9276 /* ViewMainViewController.swift */; };
		87C88ABD28F5EAE8004D9276 /* MyMainViewController.swift in Sources */ = {isa = PBXBuildFile; fileRef = 87C88ABC28F5EAE8004D9276 /* MyMainViewController.swift */; };
		87C88AC028F5EC67004D9276 /* ShopMainViewController.swift in Sources */ = {isa = PBXBuildFile; fileRef = 87C88ABF28F5EC67004D9276 /* ShopMainViewController.swift */; };
		87C88AC228F60E3C004D9276 /* DetailProfileViewController.swift in Sources */ = {isa = PBXBuildFile; fileRef = 87C88AC128F60E3C004D9276 /* DetailProfileViewController.swift */; };
/* End PBXBuildFile section */

/* Begin PBXFileReference section */
		33B8DCEF672096ED9F97D51E /* Pods_IN_SOPT_KakaoTalk.framework */ = {isa = PBXFileReference; explicitFileType = wrapper.framework; includeInIndex = 0; path = Pods_IN_SOPT_KakaoTalk.framework; sourceTree = BUILT_PRODUCTS_DIR; };
		3A326CB320716349E834A53A /* Pods-IN SOPT KakaoTalk.debug.xcconfig */ = {isa = PBXFileReference; includeInIndex = 1; lastKnownFileType = text.xcconfig; name = "Pods-IN SOPT KakaoTalk.debug.xcconfig"; path = "Target Support Files/Pods-IN SOPT KakaoTalk/Pods-IN SOPT KakaoTalk.debug.xcconfig"; sourceTree = "<group>"; };
		84402F3C72679121E0B9DA5F /* Pods-IN SOPT KakaoTalk.release.xcconfig */ = {isa = PBXFileReference; includeInIndex = 1; lastKnownFileType = text.xcconfig; name = "Pods-IN SOPT KakaoTalk.release.xcconfig"; path = "Target Support Files/Pods-IN SOPT KakaoTalk/Pods-IN SOPT KakaoTalk.release.xcconfig"; sourceTree = "<group>"; };
		8721A7892905438700B8348D /* BaseNavigationController.swift */ = {isa = PBXFileReference; lastKnownFileType = sourcecode.swift; path = BaseNavigationController.swift; sourceTree = "<group>"; };
		8721A78C2905486400B8348D /* Profile.swift */ = {isa = PBXFileReference; lastKnownFileType = sourcecode.swift; path = Profile.swift; sourceTree = "<group>"; };
		8721A7902905491C00B8348D /* StateMusic.swift */ = {isa = PBXFileReference; lastKnownFileType = sourcecode.swift; path = StateMusic.swift; sourceTree = "<group>"; };
		8721A79329054B0500B8348D /* Image.swift */ = {isa = PBXFileReference; lastKnownFileType = sourcecode.swift; path = Image.swift; sourceTree = "<group>"; };
		8721A79529054EC300B8348D /* Friend.swift */ = {isa = PBXFileReference; lastKnownFileType = sourcecode.swift; path = Friend.swift; sourceTree = "<group>"; };
		8721A797290556C200B8348D /* FriendTableViewCell.swift */ = {isa = PBXFileReference; lastKnownFileType = sourcecode.swift; path = FriendTableViewCell.swift; sourceTree = "<group>"; };
		8721A7992905A3D000B8348D /* FriendHeaderView.swift */ = {isa = PBXFileReference; lastKnownFileType = sourcecode.swift; path = FriendHeaderView.swift; sourceTree = "<group>"; };
		8721A79B2905B25900B8348D /* FriendViewController +TableView.swift */ = {isa = PBXFileReference; lastKnownFileType = sourcecode.swift; path = "FriendViewController +TableView.swift"; sourceTree = "<group>"; };
		873586F828EEB9E40036624B /* SignUpViewController.swift */ = {isa = PBXFileReference; lastKnownFileType = sourcecode.swift; path = SignUpViewController.swift; sourceTree = "<group>"; };
		873586FA28EEB9EF0036624B /* WelcomeViewController.swift */ = {isa = PBXFileReference; lastKnownFileType = sourcecode.swift; path = WelcomeViewController.swift; sourceTree = "<group>"; };
		875A662628EEAE0A00368248 /* IN SOPT KakaoTalk.app */ = {isa = PBXFileReference; explicitFileType = wrapper.application; includeInIndex = 0; path = "IN SOPT KakaoTalk.app"; sourceTree = BUILT_PRODUCTS_DIR; };
		875A662928EEAE0A00368248 /* AppDelegate.swift */ = {isa = PBXFileReference; lastKnownFileType = sourcecode.swift; path = AppDelegate.swift; sourceTree = "<group>"; };
		875A662B28EEAE0A00368248 /* SceneDelegate.swift */ = {isa = PBXFileReference; lastKnownFileType = sourcecode.swift; path = SceneDelegate.swift; sourceTree = "<group>"; };
		875A662D28EEAE0A00368248 /* SignInViewController.swift */ = {isa = PBXFileReference; lastKnownFileType = sourcecode.swift; path = SignInViewController.swift; sourceTree = "<group>"; };
		875A663028EEAE0A00368248 /* Base */ = {isa = PBXFileReference; lastKnownFileType = file.storyboard; name = Base; path = Base.lproj/Main.storyboard; sourceTree = "<group>"; };
		875A663228EEAE0B00368248 /* Assets.xcassets */ = {isa = PBXFileReference; lastKnownFileType = folder.assetcatalog; path = Assets.xcassets; sourceTree = "<group>"; };
		875A663528EEAE0B00368248 /* Base */ = {isa = PBXFileReference; lastKnownFileType = file.storyboard; name = Base; path = Base.lproj/LaunchScreen.storyboard; sourceTree = "<group>"; };
		875A663728EEAE0B00368248 /* Info.plist */ = {isa = PBXFileReference; lastKnownFileType = text.plist.xml; path = Info.plist; sourceTree = "<group>"; };
		876BD97E28EF2520000CCBC8 /* UIView+.swift */ = {isa = PBXFileReference; lastKnownFileType = sourcecode.swift; path = "UIView+.swift"; sourceTree = "<group>"; };
		876BD98028EF2A68000CCBC8 /* UIStackView+.swift */ = {isa = PBXFileReference; lastKnownFileType = sourcecode.swift; path = "UIStackView+.swift"; sourceTree = "<group>"; };
		876BD98228EF2ABE000CCBC8 /* UIColor+.swift */ = {isa = PBXFileReference; lastKnownFileType = sourcecode.swift; path = "UIColor+.swift"; sourceTree = "<group>"; };
		876BD98A28EF4708000CCBC8 /* BaseViewController.swift */ = {isa = PBXFileReference; lastKnownFileType = sourcecode.swift; path = BaseViewController.swift; sourceTree = "<group>"; };
		876BD98D28EF510D000CCBC8 /* AuthTextField.swift */ = {isa = PBXFileReference; lastKnownFileType = sourcecode.swift; path = AuthTextField.swift; sourceTree = "<group>"; };
		876BD99028EF61DB000CCBC8 /* KakaoColor.swift */ = {isa = PBXFileReference; lastKnownFileType = sourcecode.swift; path = KakaoColor.swift; sourceTree = "<group>"; };
		8775FA3729072543000E08D5 /* ChatModel.swift */ = {isa = PBXFileReference; lastKnownFileType = sourcecode.swift; path = ChatModel.swift; sourceTree = "<group>"; };
		8775FA3A29072665000E08D5 /* Sample.swift */ = {isa = PBXFileReference; lastKnownFileType = sourcecode.swift; path = Sample.swift; sourceTree = "<group>"; };
		8775FA3C2907268C000E08D5 /* Sample_Chat.swift */ = {isa = PBXFileReference; lastKnownFileType = sourcecode.swift; path = Sample_Chat.swift; sourceTree = "<group>"; };
		8775FA3E29072B99000E08D5 /* Device.swift */ = {isa = PBXFileReference; lastKnownFileType = sourcecode.swift; path = Device.swift; sourceTree = "<group>"; };
		87822FBA290715050067580A /* UITableViewCell+.swift */ = {isa = PBXFileReference; lastKnownFileType = sourcecode.swift; path = "UITableViewCell+.swift"; sourceTree = "<group>"; };
		87822FBC2907150C0067580A /* UICollectionViewCell+.swift */ = {isa = PBXFileReference; lastKnownFileType = sourcecode.swift; path = "UICollectionViewCell+.swift"; sourceTree = "<group>"; };
		87822FBE2907167A0067580A /* ChatViewController+CollectionView.swift */ = {isa = PBXFileReference; lastKnownFileType = sourcecode.swift; path = "ChatViewController+CollectionView.swift"; sourceTree = "<group>"; };
		87822FC0290717410067580A /* ChatCollectionViewCell.swift */ = {isa = PBXFileReference; lastKnownFileType = sourcecode.swift; path = ChatCollectionViewCell.swift; sourceTree = "<group>"; };
		87822FC4290720FA0067580A /* ChatStackView.swift */ = {isa = PBXFileReference; lastKnownFileType = sourcecode.swift; path = ChatStackView.swift; sourceTree = "<group>"; };
		87C88AB128F53F09004D9276 /* FriendViewController.swift */ = {isa = PBXFileReference; lastKnownFileType = sourcecode.swift; path = FriendViewController.swift; sourceTree = "<group>"; };
		87C88AB328F53FA2004D9276 /* MainTabBarController.swift */ = {isa = PBXFileReference; lastKnownFileType = sourcecode.swift; path = MainTabBarController.swift; sourceTree = "<group>"; };
		87C88AB828F5EACD004D9276 /* ChatViewController.swift */ = {isa = PBXFileReference; lastKnownFileType = sourcecode.swift; path = ChatViewController.swift; sourceTree = "<group>"; };
		87C88ABA28F5EADE004D9276 /* ViewMainViewController.swift */ = {isa = PBXFileReference; lastKnownFileType = sourcecode.swift; path = ViewMainViewController.swift; sourceTree = "<group>"; };
		87C88ABC28F5EAE8004D9276 /* MyMainViewController.swift */ = {isa = PBXFileReference; lastKnownFileType = sourcecode.swift; path = MyMainViewController.swift; sourceTree = "<group>"; };
		87C88ABF28F5EC67004D9276 /* ShopMainViewController.swift */ = {isa = PBXFileReference; lastKnownFileType = sourcecode.swift; path = ShopMainViewController.swift; sourceTree = "<group>"; };
		87C88AC128F60E3C004D9276 /* DetailProfileViewController.swift */ = {isa = PBXFileReference; lastKnownFileType = sourcecode.swift; path = DetailProfileViewController.swift; sourceTree = "<group>"; };
/* End PBXFileReference section */

/* Begin PBXFrameworksBuildPhase section */
		875A662328EEAE0A00368248 /* Frameworks */ = {
			isa = PBXFrameworksBuildPhase;
			buildActionMask = 2147483647;
			files = (
				56F0DA850B1E012178737CE5 /* Pods_IN_SOPT_KakaoTalk.framework in Frameworks */,
			);
			runOnlyForDeploymentPostprocessing = 0;
		};
/* End PBXFrameworksBuildPhase section */

/* Begin PBXGroup section */
		8721A781290541F900B8348D /* SignIn */ = {
			isa = PBXGroup;
			children = (
				875A662D28EEAE0A00368248 /* SignInViewController.swift */,
			);
			path = SignIn;
			sourceTree = "<group>";
		};
		8721A7832905421200B8348D /* SignUp */ = {
			isa = PBXGroup;
			children = (
				873586F828EEB9E40036624B /* SignUpViewController.swift */,
			);
			path = SignUp;
			sourceTree = "<group>";
		};
		8721A7842905421D00B8348D /* Welcome */ = {
			isa = PBXGroup;
			children = (
				873586FA28EEB9EF0036624B /* WelcomeViewController.swift */,
			);
			path = Welcome;
			sourceTree = "<group>";
		};
		8721A7862905424700B8348D /* Controller */ = {
			isa = PBXGroup;
			children = (
				87C88AB128F53F09004D9276 /* FriendViewController.swift */,
				8721A79B2905B25900B8348D /* FriendViewController +TableView.swift */,
			);
			path = Controller;
			sourceTree = "<group>";
		};
		8721A7872905424E00B8348D /* View */ = {
			isa = PBXGroup;
			children = (
				8721A797290556C200B8348D /* FriendTableViewCell.swift */,
				8721A7992905A3D000B8348D /* FriendHeaderView.swift */,
			);
			path = View;
			sourceTree = "<group>";
		};
		8721A7882905425300B8348D /* Model */ = {
			isa = PBXGroup;
			children = (
				8721A79529054EC300B8348D /* Friend.swift */,
			);
			path = Model;
			sourceTree = "<group>";
		};
		8721A78E2905486C00B8348D /* Model */ = {
			isa = PBXGroup;
			children = (
				8721A78C2905486400B8348D /* Profile.swift */,
				8721A7902905491C00B8348D /* StateMusic.swift */,
			);
			path = Model;
			sourceTree = "<group>";
		};
		8721A79229054AF300B8348D /* Constant */ = {
			isa = PBXGroup;
			children = (
				8721A79329054B0500B8348D /* Image.swift */,
			);
			path = Constant;
			sourceTree = "<group>";
		};
		875A661D28EEAE0A00368248 = {
			isa = PBXGroup;
			children = (
				875A662828EEAE0A00368248 /* IN SOPT KakaoTalk */,
				875A662728EEAE0A00368248 /* Products */,
				9AC91FD2E50CDE785D3C5D28 /* Pods */,
				A4E2C6F0718BD1330F5581E0 /* Frameworks */,
			);
			sourceTree = "<group>";
		};
		875A662728EEAE0A00368248 /* Products */ = {
			isa = PBXGroup;
			children = (
				875A662628EEAE0A00368248 /* IN SOPT KakaoTalk.app */,
			);
			name = Products;
			sourceTree = "<group>";
		};
		875A662828EEAE0A00368248 /* IN SOPT KakaoTalk */ = {
			isa = PBXGroup;
			children = (
				876BD98428EF4511000CCBC8 /* Global */,
				876BD98528EF4539000CCBC8 /* Network */,
				875A663D28EEAE3300368248 /* Resource */,
				875A663E28EEAE3900368248 /* Screen */,
			);
			path = "IN SOPT KakaoTalk";
			sourceTree = "<group>";
		};
		875A663D28EEAE3300368248 /* Resource */ = {
			isa = PBXGroup;
			children = (
				875A663228EEAE0B00368248 /* Assets.xcassets */,
				876BD98F28EF61CD000CCBC8 /* Color */,
				876BD98728EF4586000CCBC8 /* Storyboard */,
				876BD98628EF455A000CCBC8 /* Support */,
				8775FA392907264C000E08D5 /* SampleData */,
			);
			path = Resource;
			sourceTree = "<group>";
		};
		875A663E28EEAE3900368248 /* Screen */ = {
			isa = PBXGroup;
			children = (
				876BD98928EF46CC000CCBC8 /* Base */,
				876BD98828EF45D5000CCBC8 /* Auth */,
				87C88AB028F53D17004D9276 /* Friend */,
				87C88AB528F5E8DE004D9276 /* Chat */,
				87C88AB628F5E8ED004D9276 /* View */,
				87C88ABE28F5EC51004D9276 /* Shop */,
				87C88AB728F5E8FB004D9276 /* My */,
				87C88AC328F73BC8004D9276 /* Profile */,
			);
			path = Screen;
			sourceTree = "<group>";
		};
		876BD97D28EF250C000CCBC8 /* Extension */ = {
			isa = PBXGroup;
			children = (
				876BD97E28EF2520000CCBC8 /* UIView+.swift */,
				876BD98028EF2A68000CCBC8 /* UIStackView+.swift */,
				876BD98228EF2ABE000CCBC8 /* UIColor+.swift */,
				87822FBA290715050067580A /* UITableViewCell+.swift */,
				87822FBC2907150C0067580A /* UICollectionViewCell+.swift */,
			);
			path = Extension;
			sourceTree = "<group>";
		};
		876BD98428EF4511000CCBC8 /* Global */ = {
			isa = PBXGroup;
			children = (
				8721A79229054AF300B8348D /* Constant */,
				876BD98C28EF5101000CCBC8 /* DesignSystem */,
				876BD97D28EF250C000CCBC8 /* Extension */,
			);
			path = Global;
			sourceTree = "<group>";
		};
		876BD98528EF4539000CCBC8 /* Network */ = {
			isa = PBXGroup;
			children = (
			);
			path = Network;
			sourceTree = "<group>";
		};
		876BD98628EF455A000CCBC8 /* Support */ = {
			isa = PBXGroup;
			children = (
				875A663728EEAE0B00368248 /* Info.plist */,
				875A662928EEAE0A00368248 /* AppDelegate.swift */,
				875A662B28EEAE0A00368248 /* SceneDelegate.swift */,
				8775FA3E29072B99000E08D5 /* Device.swift */,
			);
			path = Support;
			sourceTree = "<group>";
		};
		876BD98728EF4586000CCBC8 /* Storyboard */ = {
			isa = PBXGroup;
			children = (
				875A662F28EEAE0A00368248 /* Main.storyboard */,
				875A663428EEAE0B00368248 /* LaunchScreen.storyboard */,
			);
			path = Storyboard;
			sourceTree = "<group>";
		};
		876BD98828EF45D5000CCBC8 /* Auth */ = {
			isa = PBXGroup;
			children = (
				8721A781290541F900B8348D /* SignIn */,
				8721A7832905421200B8348D /* SignUp */,
				8721A7842905421D00B8348D /* Welcome */,
			);
			path = Auth;
			sourceTree = "<group>";
		};
		876BD98928EF46CC000CCBC8 /* Base */ = {
			isa = PBXGroup;
			children = (
				876BD98A28EF4708000CCBC8 /* BaseViewController.swift */,
				8721A7892905438700B8348D /* BaseNavigationController.swift */,
				87C88AB328F53FA2004D9276 /* MainTabBarController.swift */,
			);
			path = Base;
			sourceTree = "<group>";
		};
		876BD98C28EF5101000CCBC8 /* DesignSystem */ = {
			isa = PBXGroup;
			children = (
				876BD98D28EF510D000CCBC8 /* AuthTextField.swift */,
			);
			path = DesignSystem;
			sourceTree = "<group>";
		};
		876BD98F28EF61CD000CCBC8 /* Color */ = {
			isa = PBXGroup;
			children = (
				876BD99028EF61DB000CCBC8 /* KakaoColor.swift */,
			);
			path = Color;
			sourceTree = "<group>";
		};
		8775FA392907264C000E08D5 /* SampleData */ = {
			isa = PBXGroup;
			children = (
				8775FA3A29072665000E08D5 /* Sample.swift */,
				8775FA3C2907268C000E08D5 /* Sample_Chat.swift */,
			);
			path = SampleData;
			sourceTree = "<group>";
		};
		87822FB729070E6C0067580A /* Model */ = {
			isa = PBXGroup;
			children = (
				8775FA3729072543000E08D5 /* ChatModel.swift */,
			);
			path = Model;
			sourceTree = "<group>";
		};
		87822FB829070E700067580A /* View */ = {
			isa = PBXGroup;
			children = (
				87822FC0290717410067580A /* ChatCollectionViewCell.swift */,
				87822FC4290720FA0067580A /* ChatStackView.swift */,
			);
			path = View;
			sourceTree = "<group>";
		};
		87822FB929070E790067580A /* Controller */ = {
			isa = PBXGroup;
			children = (
				87C88AB828F5EACD004D9276 /* ChatViewController.swift */,
				87822FBE2907167A0067580A /* ChatViewController+CollectionView.swift */,
			);
			path = Controller;
			sourceTree = "<group>";
		};
		87C88AB028F53D17004D9276 /* Friend */ = {
			isa = PBXGroup;
			children = (
				8721A7882905425300B8348D /* Model */,
				8721A7872905424E00B8348D /* View */,
				8721A7862905424700B8348D /* Controller */,
			);
			path = Friend;
			sourceTree = "<group>";
		};
		87C88AB528F5E8DE004D9276 /* Chat */ = {
			isa = PBXGroup;
			children = (
				87822FB729070E6C0067580A /* Model */,
				87822FB829070E700067580A /* View */,
				87822FB929070E790067580A /* Controller */,
			);
			path = Chat;
			sourceTree = "<group>";
		};
		87C88AB628F5E8ED004D9276 /* View */ = {
			isa = PBXGroup;
			children = (
				87C88ABA28F5EADE004D9276 /* ViewMainViewController.swift */,
			);
			path = View;
			sourceTree = "<group>";
		};
		87C88AB728F5E8FB004D9276 /* My */ = {
			isa = PBXGroup;
			children = (
				87C88ABC28F5EAE8004D9276 /* MyMainViewController.swift */,
			);
			path = My;
			sourceTree = "<group>";
		};
		87C88ABE28F5EC51004D9276 /* Shop */ = {
			isa = PBXGroup;
			children = (
				87C88ABF28F5EC67004D9276 /* ShopMainViewController.swift */,
			);
			path = Shop;
			sourceTree = "<group>";
		};
		87C88AC328F73BC8004D9276 /* Profile */ = {
			isa = PBXGroup;
			children = (
				8721A78E2905486C00B8348D /* Model */,
				87C88AC128F60E3C004D9276 /* DetailProfileViewController.swift */,
			);
			path = Profile;
			sourceTree = "<group>";
		};
		9AC91FD2E50CDE785D3C5D28 /* Pods */ = {
			isa = PBXGroup;
			children = (
				3A326CB320716349E834A53A /* Pods-IN SOPT KakaoTalk.debug.xcconfig */,
				84402F3C72679121E0B9DA5F /* Pods-IN SOPT KakaoTalk.release.xcconfig */,
			);
			path = Pods;
			sourceTree = "<group>";
		};
		A4E2C6F0718BD1330F5581E0 /* Frameworks */ = {
			isa = PBXGroup;
			children = (
				33B8DCEF672096ED9F97D51E /* Pods_IN_SOPT_KakaoTalk.framework */,
			);
			name = Frameworks;
			sourceTree = "<group>";
		};
/* End PBXGroup section */

/* Begin PBXNativeTarget section */
		875A662528EEAE0A00368248 /* IN SOPT KakaoTalk */ = {
			isa = PBXNativeTarget;
			buildConfigurationList = 875A663A28EEAE0B00368248 /* Build configuration list for PBXNativeTarget "IN SOPT KakaoTalk" */;
			buildPhases = (
				834EB2E4250FBB49F33A1350 /* [CP] Check Pods Manifest.lock */,
				875A662228EEAE0A00368248 /* Sources */,
				875A662328EEAE0A00368248 /* Frameworks */,
				875A662428EEAE0A00368248 /* Resources */,
				F9A39DB753FF1E5B0DC70374 /* [CP] Embed Pods Frameworks */,
			);
			buildRules = (
			);
			dependencies = (
			);
			name = "IN SOPT KakaoTalk";
			productName = "IN SOPT KakaoTalk";
			productReference = 875A662628EEAE0A00368248 /* IN SOPT KakaoTalk.app */;
			productType = "com.apple.product-type.application";
		};
/* End PBXNativeTarget section */

/* Begin PBXProject section */
		875A661E28EEAE0A00368248 /* Project object */ = {
			isa = PBXProject;
			attributes = {
				BuildIndependentTargetsInParallel = 1;
				LastSwiftUpdateCheck = 1400;
				LastUpgradeCheck = 1400;
				TargetAttributes = {
					875A662528EEAE0A00368248 = {
						CreatedOnToolsVersion = 14.0.1;
					};
				};
			};
			buildConfigurationList = 875A662128EEAE0A00368248 /* Build configuration list for PBXProject "IN SOPT KakaoTalk" */;
			compatibilityVersion = "Xcode 13.0";
			developmentRegion = en;
			hasScannedForEncodings = 0;
			knownRegions = (
				en,
				Base,
			);
			mainGroup = 875A661D28EEAE0A00368248;
			productRefGroup = 875A662728EEAE0A00368248 /* Products */;
			projectDirPath = "";
			projectRoot = "";
			targets = (
				875A662528EEAE0A00368248 /* IN SOPT KakaoTalk */,
			);
		};
/* End PBXProject section */

/* Begin PBXResourcesBuildPhase section */
		875A662428EEAE0A00368248 /* Resources */ = {
			isa = PBXResourcesBuildPhase;
			buildActionMask = 2147483647;
			files = (
				875A663628EEAE0B00368248 /* LaunchScreen.storyboard in Resources */,
				875A663328EEAE0B00368248 /* Assets.xcassets in Resources */,
				875A663128EEAE0A00368248 /* Main.storyboard in Resources */,
			);
			runOnlyForDeploymentPostprocessing = 0;
		};
/* End PBXResourcesBuildPhase section */

/* Begin PBXShellScriptBuildPhase section */
		834EB2E4250FBB49F33A1350 /* [CP] Check Pods Manifest.lock */ = {
			isa = PBXShellScriptBuildPhase;
			buildActionMask = 2147483647;
			files = (
			);
			inputFileListPaths = (
			);
			inputPaths = (
				"${PODS_PODFILE_DIR_PATH}/Podfile.lock",
				"${PODS_ROOT}/Manifest.lock",
			);
			name = "[CP] Check Pods Manifest.lock";
			outputFileListPaths = (
			);
			outputPaths = (
				"$(DERIVED_FILE_DIR)/Pods-IN SOPT KakaoTalk-checkManifestLockResult.txt",
			);
			runOnlyForDeploymentPostprocessing = 0;
			shellPath = /bin/sh;
			shellScript = "diff \"${PODS_PODFILE_DIR_PATH}/Podfile.lock\" \"${PODS_ROOT}/Manifest.lock\" > /dev/null\nif [ $? != 0 ] ; then\n    # print error to STDERR\n    echo \"error: The sandbox is not in sync with the Podfile.lock. Run 'pod install' or update your CocoaPods installation.\" >&2\n    exit 1\nfi\n# This output is used by Xcode 'outputs' to avoid re-running this script phase.\necho \"SUCCESS\" > \"${SCRIPT_OUTPUT_FILE_0}\"\n";
			showEnvVarsInLog = 0;
		};
		F9A39DB753FF1E5B0DC70374 /* [CP] Embed Pods Frameworks */ = {
			isa = PBXShellScriptBuildPhase;
			buildActionMask = 2147483647;
			files = (
			);
			inputFileListPaths = (
				"${PODS_ROOT}/Target Support Files/Pods-IN SOPT KakaoTalk/Pods-IN SOPT KakaoTalk-frameworks-${CONFIGURATION}-input-files.xcfilelist",
			);
			name = "[CP] Embed Pods Frameworks";
			outputFileListPaths = (
				"${PODS_ROOT}/Target Support Files/Pods-IN SOPT KakaoTalk/Pods-IN SOPT KakaoTalk-frameworks-${CONFIGURATION}-output-files.xcfilelist",
			);
			runOnlyForDeploymentPostprocessing = 0;
			shellPath = /bin/sh;
			shellScript = "\"${PODS_ROOT}/Target Support Files/Pods-IN SOPT KakaoTalk/Pods-IN SOPT KakaoTalk-frameworks.sh\"\n";
			showEnvVarsInLog = 0;
		};
/* End PBXShellScriptBuildPhase section */

/* Begin PBXSourcesBuildPhase section */
		875A662228EEAE0A00368248 /* Sources */ = {
			isa = PBXSourcesBuildPhase;
			buildActionMask = 2147483647;
			files = (
				87822FBF2907167A0067580A /* ChatViewController+CollectionView.swift in Sources */,
				87822FBB290715050067580A /* UITableViewCell+.swift in Sources */,
				876BD98128EF2A68000CCBC8 /* UIStackView+.swift in Sources */,
				8721A78D2905486400B8348D /* Profile.swift in Sources */,
				87C88AB928F5EACD004D9276 /* ChatViewController.swift in Sources */,
				876BD98E28EF510D000CCBC8 /* AuthTextField.swift in Sources */,
				876BD98328EF2ABE000CCBC8 /* UIColor+.swift in Sources */,
				876BD99128EF61DB000CCBC8 /* KakaoColor.swift in Sources */,
				876BD97F28EF2520000CCBC8 /* UIView+.swift in Sources */,
				8721A78A2905438700B8348D /* BaseNavigationController.swift in Sources */,
				87C88AB228F53F09004D9276 /* FriendViewController.swift in Sources */,
				87822FC5290720FA0067580A /* ChatStackView.swift in Sources */,
				8721A79429054B0500B8348D /* Image.swift in Sources */,
				875A662E28EEAE0A00368248 /* SignInViewController.swift in Sources */,
				873586FB28EEB9EF0036624B /* WelcomeViewController.swift in Sources */,
				87C88AC228F60E3C004D9276 /* DetailProfileViewController.swift in Sources */,
				8721A7912905491C00B8348D /* StateMusic.swift in Sources */,
				8721A79C2905B25900B8348D /* FriendViewController +TableView.swift in Sources */,
				876BD98B28EF4708000CCBC8 /* BaseViewController.swift in Sources */,
				8775FA3F29072B99000E08D5 /* Device.swift in Sources */,
				8721A798290556C200B8348D /* FriendTableViewCell.swift in Sources */,
				875A662A28EEAE0A00368248 /* AppDelegate.swift in Sources */,
				87C88AB428F53FA2004D9276 /* MainTabBarController.swift in Sources */,
				873586F928EEB9E40036624B /* SignUpViewController.swift in Sources */,
				875A662C28EEAE0A00368248 /* SceneDelegate.swift in Sources */,
				87822FBD2907150C0067580A /* UICollectionViewCell+.swift in Sources */,
				8721A79A2905A3D000B8348D /* FriendHeaderView.swift in Sources */,
				8721A79629054EC300B8348D /* Friend.swift in Sources */,
				8775FA3829072543000E08D5 /* ChatModel.swift in Sources */,
				87C88AC028F5EC67004D9276 /* ShopMainViewController.swift in Sources */,
				87C88ABB28F5EADE004D9276 /* ViewMainViewController.swift in Sources */,
				87822FC1290717410067580A /* ChatCollectionViewCell.swift in Sources */,
				8775FA3D2907268C000E08D5 /* Sample_Chat.swift in Sources */,
				8775FA3B29072665000E08D5 /* Sample.swift in Sources */,
				87C88ABD28F5EAE8004D9276 /* MyMainViewController.swift in Sources */,
			);
			runOnlyForDeploymentPostprocessing = 0;
		};
/* End PBXSourcesBuildPhase section */

/* Begin PBXVariantGroup section */
		875A662F28EEAE0A00368248 /* Main.storyboard */ = {
			isa = PBXVariantGroup;
			children = (
				875A663028EEAE0A00368248 /* Base */,
			);
			name = Main.storyboard;
			sourceTree = "<group>";
		};
		875A663428EEAE0B00368248 /* LaunchScreen.storyboard */ = {
			isa = PBXVariantGroup;
			children = (
				875A663528EEAE0B00368248 /* Base */,
			);
			name = LaunchScreen.storyboard;
			sourceTree = "<group>";
		};
/* End PBXVariantGroup section */

/* Begin XCBuildConfiguration section */
		875A663828EEAE0B00368248 /* Debug */ = {
			isa = XCBuildConfiguration;
			buildSettings = {
				ALWAYS_SEARCH_USER_PATHS = NO;
				CLANG_ANALYZER_NONNULL = YES;
				CLANG_ANALYZER_NUMBER_OBJECT_CONVERSION = YES_AGGRESSIVE;
				CLANG_CXX_LANGUAGE_STANDARD = "gnu++20";
				CLANG_ENABLE_MODULES = YES;
				CLANG_ENABLE_OBJC_ARC = YES;
				CLANG_ENABLE_OBJC_WEAK = YES;
				CLANG_WARN_BLOCK_CAPTURE_AUTORELEASING = YES;
				CLANG_WARN_BOOL_CONVERSION = YES;
				CLANG_WARN_COMMA = YES;
				CLANG_WARN_CONSTANT_CONVERSION = YES;
				CLANG_WARN_DEPRECATED_OBJC_IMPLEMENTATIONS = YES;
				CLANG_WARN_DIRECT_OBJC_ISA_USAGE = YES_ERROR;
				CLANG_WARN_DOCUMENTATION_COMMENTS = YES;
				CLANG_WARN_EMPTY_BODY = YES;
				CLANG_WARN_ENUM_CONVERSION = YES;
				CLANG_WARN_INFINITE_RECURSION = YES;
				CLANG_WARN_INT_CONVERSION = YES;
				CLANG_WARN_NON_LITERAL_NULL_CONVERSION = YES;
				CLANG_WARN_OBJC_IMPLICIT_RETAIN_SELF = YES;
				CLANG_WARN_OBJC_LITERAL_CONVERSION = YES;
				CLANG_WARN_OBJC_ROOT_CLASS = YES_ERROR;
				CLANG_WARN_QUOTED_INCLUDE_IN_FRAMEWORK_HEADER = YES;
				CLANG_WARN_RANGE_LOOP_ANALYSIS = YES;
				CLANG_WARN_STRICT_PROTOTYPES = YES;
				CLANG_WARN_SUSPICIOUS_MOVE = YES;
				CLANG_WARN_UNGUARDED_AVAILABILITY = YES_AGGRESSIVE;
				CLANG_WARN_UNREACHABLE_CODE = YES;
				CLANG_WARN__DUPLICATE_METHOD_MATCH = YES;
				COPY_PHASE_STRIP = NO;
				DEBUG_INFORMATION_FORMAT = dwarf;
				ENABLE_STRICT_OBJC_MSGSEND = YES;
				ENABLE_TESTABILITY = YES;
				GCC_C_LANGUAGE_STANDARD = gnu11;
				GCC_DYNAMIC_NO_PIC = NO;
				GCC_NO_COMMON_BLOCKS = YES;
				GCC_OPTIMIZATION_LEVEL = 0;
				GCC_PREPROCESSOR_DEFINITIONS = (
					"DEBUG=1",
					"$(inherited)",
				);
				GCC_WARN_64_TO_32_BIT_CONVERSION = YES;
				GCC_WARN_ABOUT_RETURN_TYPE = YES_ERROR;
				GCC_WARN_UNDECLARED_SELECTOR = YES;
				GCC_WARN_UNINITIALIZED_AUTOS = YES_AGGRESSIVE;
				GCC_WARN_UNUSED_FUNCTION = YES;
				GCC_WARN_UNUSED_VARIABLE = YES;
				IPHONEOS_DEPLOYMENT_TARGET = 16.0;
				MTL_ENABLE_DEBUG_INFO = INCLUDE_SOURCE;
				MTL_FAST_MATH = YES;
				ONLY_ACTIVE_ARCH = YES;
				SDKROOT = iphoneos;
				SWIFT_ACTIVE_COMPILATION_CONDITIONS = DEBUG;
				SWIFT_OPTIMIZATION_LEVEL = "-Onone";
			};
			name = Debug;
		};
		875A663928EEAE0B00368248 /* Release */ = {
			isa = XCBuildConfiguration;
			buildSettings = {
				ALWAYS_SEARCH_USER_PATHS = NO;
				CLANG_ANALYZER_NONNULL = YES;
				CLANG_ANALYZER_NUMBER_OBJECT_CONVERSION = YES_AGGRESSIVE;
				CLANG_CXX_LANGUAGE_STANDARD = "gnu++20";
				CLANG_ENABLE_MODULES = YES;
				CLANG_ENABLE_OBJC_ARC = YES;
				CLANG_ENABLE_OBJC_WEAK = YES;
				CLANG_WARN_BLOCK_CAPTURE_AUTORELEASING = YES;
				CLANG_WARN_BOOL_CONVERSION = YES;
				CLANG_WARN_COMMA = YES;
				CLANG_WARN_CONSTANT_CONVERSION = YES;
				CLANG_WARN_DEPRECATED_OBJC_IMPLEMENTATIONS = YES;
				CLANG_WARN_DIRECT_OBJC_ISA_USAGE = YES_ERROR;
				CLANG_WARN_DOCUMENTATION_COMMENTS = YES;
				CLANG_WARN_EMPTY_BODY = YES;
				CLANG_WARN_ENUM_CONVERSION = YES;
				CLANG_WARN_INFINITE_RECURSION = YES;
				CLANG_WARN_INT_CONVERSION = YES;
				CLANG_WARN_NON_LITERAL_NULL_CONVERSION = YES;
				CLANG_WARN_OBJC_IMPLICIT_RETAIN_SELF = YES;
				CLANG_WARN_OBJC_LITERAL_CONVERSION = YES;
				CLANG_WARN_OBJC_ROOT_CLASS = YES_ERROR;
				CLANG_WARN_QUOTED_INCLUDE_IN_FRAMEWORK_HEADER = YES;
				CLANG_WARN_RANGE_LOOP_ANALYSIS = YES;
				CLANG_WARN_STRICT_PROTOTYPES = YES;
				CLANG_WARN_SUSPICIOUS_MOVE = YES;
				CLANG_WARN_UNGUARDED_AVAILABILITY = YES_AGGRESSIVE;
				CLANG_WARN_UNREACHABLE_CODE = YES;
				CLANG_WARN__DUPLICATE_METHOD_MATCH = YES;
				COPY_PHASE_STRIP = NO;
				DEBUG_INFORMATION_FORMAT = "dwarf-with-dsym";
				ENABLE_NS_ASSERTIONS = NO;
				ENABLE_STRICT_OBJC_MSGSEND = YES;
				GCC_C_LANGUAGE_STANDARD = gnu11;
				GCC_NO_COMMON_BLOCKS = YES;
				GCC_WARN_64_TO_32_BIT_CONVERSION = YES;
				GCC_WARN_ABOUT_RETURN_TYPE = YES_ERROR;
				GCC_WARN_UNDECLARED_SELECTOR = YES;
				GCC_WARN_UNINITIALIZED_AUTOS = YES_AGGRESSIVE;
				GCC_WARN_UNUSED_FUNCTION = YES;
				GCC_WARN_UNUSED_VARIABLE = YES;
				IPHONEOS_DEPLOYMENT_TARGET = 16.0;
				MTL_ENABLE_DEBUG_INFO = NO;
				MTL_FAST_MATH = YES;
				SDKROOT = iphoneos;
				SWIFT_COMPILATION_MODE = wholemodule;
				SWIFT_OPTIMIZATION_LEVEL = "-O";
				VALIDATE_PRODUCT = YES;
			};
			name = Release;
		};
		875A663B28EEAE0B00368248 /* Debug */ = {
			isa = XCBuildConfiguration;
			baseConfigurationReference = 3A326CB320716349E834A53A /* Pods-IN SOPT KakaoTalk.debug.xcconfig */;
			buildSettings = {
				ASSETCATALOG_COMPILER_APPICON_NAME = AppIcon;
				ASSETCATALOG_COMPILER_GLOBAL_ACCENT_COLOR_NAME = AccentColor;
				CODE_SIGN_STYLE = Automatic;
				CURRENT_PROJECT_VERSION = 1;
				DEVELOPMENT_TEAM = T6DNHAHXG9;
				GENERATE_INFOPLIST_FILE = YES;
				INFOPLIST_FILE = "IN SOPT KakaoTalk/Resource/Support/Info.plist";
				INFOPLIST_KEY_UIApplicationSupportsIndirectInputEvents = YES;
				INFOPLIST_KEY_UILaunchStoryboardName = LaunchScreen;
				INFOPLIST_KEY_UIMainStoryboardFile = Main;
				INFOPLIST_KEY_UISupportedInterfaceOrientations_iPad = "UIInterfaceOrientationPortrait UIInterfaceOrientationPortraitUpsideDown UIInterfaceOrientationLandscapeLeft UIInterfaceOrientationLandscapeRight";
				INFOPLIST_KEY_UISupportedInterfaceOrientations_iPhone = "UIInterfaceOrientationPortrait UIInterfaceOrientationLandscapeLeft UIInterfaceOrientationLandscapeRight";
				LD_RUNPATH_SEARCH_PATHS = (
					"$(inherited)",
					"@executable_path/Frameworks",
				);
				MARKETING_VERSION = 1.0;
				PRODUCT_BUNDLE_IDENTIFIER = "com.metlsplit.IN-SOPT-KakaoTalk";
				PRODUCT_NAME = "$(TARGET_NAME)";
				SWIFT_EMIT_LOC_STRINGS = YES;
				SWIFT_VERSION = 5.0;
				TARGETED_DEVICE_FAMILY = "1,2";
			};
			name = Debug;
		};
		875A663C28EEAE0B00368248 /* Release */ = {
			isa = XCBuildConfiguration;
			baseConfigurationReference = 84402F3C72679121E0B9DA5F /* Pods-IN SOPT KakaoTalk.release.xcconfig */;
			buildSettings = {
				ASSETCATALOG_COMPILER_APPICON_NAME = AppIcon;
				ASSETCATALOG_COMPILER_GLOBAL_ACCENT_COLOR_NAME = AccentColor;
				CODE_SIGN_STYLE = Automatic;
				CURRENT_PROJECT_VERSION = 1;
				DEVELOPMENT_TEAM = T6DNHAHXG9;
				GENERATE_INFOPLIST_FILE = YES;
				INFOPLIST_FILE = "IN SOPT KakaoTalk/Resource/Support/Info.plist";
				INFOPLIST_KEY_UIApplicationSupportsIndirectInputEvents = YES;
				INFOPLIST_KEY_UILaunchStoryboardName = LaunchScreen;
				INFOPLIST_KEY_UIMainStoryboardFile = Main;
				INFOPLIST_KEY_UISupportedInterfaceOrientations_iPad = "UIInterfaceOrientationPortrait UIInterfaceOrientationPortraitUpsideDown UIInterfaceOrientationLandscapeLeft UIInterfaceOrientationLandscapeRight";
				INFOPLIST_KEY_UISupportedInterfaceOrientations_iPhone = "UIInterfaceOrientationPortrait UIInterfaceOrientationLandscapeLeft UIInterfaceOrientationLandscapeRight";
				LD_RUNPATH_SEARCH_PATHS = (
					"$(inherited)",
					"@executable_path/Frameworks",
				);
				MARKETING_VERSION = 1.0;
				PRODUCT_BUNDLE_IDENTIFIER = "com.metlsplit.IN-SOPT-KakaoTalk";
				PRODUCT_NAME = "$(TARGET_NAME)";
				SWIFT_EMIT_LOC_STRINGS = YES;
				SWIFT_VERSION = 5.0;
				TARGETED_DEVICE_FAMILY = "1,2";
			};
			name = Release;
		};
/* End XCBuildConfiguration section */

/* Begin XCConfigurationList section */
		875A662128EEAE0A00368248 /* Build configuration list for PBXProject "IN SOPT KakaoTalk" */ = {
			isa = XCConfigurationList;
			buildConfigurations = (
				875A663828EEAE0B00368248 /* Debug */,
				875A663928EEAE0B00368248 /* Release */,
			);
			defaultConfigurationIsVisible = 0;
			defaultConfigurationName = Release;
		};
		875A663A28EEAE0B00368248 /* Build configuration list for PBXNativeTarget "IN SOPT KakaoTalk" */ = {
			isa = XCConfigurationList;
			buildConfigurations = (
				875A663B28EEAE0B00368248 /* Debug */,
				875A663C28EEAE0B00368248 /* Release */,
			);
			defaultConfigurationIsVisible = 0;
			defaultConfigurationName = Release;
		};
/* End XCConfigurationList section */
	};
	rootObject = 875A661E28EEAE0A00368248 /* Project object */;
}
